
Microsoft Visual Studio Solution File, Format Version 12.00
# Visual Studio 15
VisualStudioVersion = 15.0.25807.0
MinimumVisualStudioVersion = 10.0.40219.1
Project("{2150E333-8FDC-42A3-9474-1A3956D46DE8}") = "Engine", "Engine", "{F3FAC7FB-491E-42CD-BC38-DE8545ED70E2}"
EndProject
Project("{2150E333-8FDC-42A3-9474-1A3956D46DE8}") = "Games", "Games", "{86B642C4-4FAD-436D-BBFF-4BD1B5521BD8}"
EndProject
Project("{8BC9CEB8-8B4A-11D0-8D11-00A0C91BC942}") = "UE4", "Intermediate\ProjectFiles\UE4.vcxproj", "{454BA894-A3A3-404D-9B2B-C71D7224AADC}"
EndProject
Project("{8BC9CEB8-8B4A-11D0-8D11-00A0C91BC942}") = "BuildingEscape", "Intermediate\ProjectFiles\BuildingEscape.vcxproj", "{1A011593-0867-41B4-9C46-5A5FB6579196}"
EndProject
Global
	GlobalSection(SolutionConfigurationPlatforms) = preSolution
		DebugGame Editor|HTML5 = DebugGame Editor|HTML5
		DebugGame Editor|Win32 = DebugGame Editor|Win32
		DebugGame Editor|Win64 = DebugGame Editor|Win64
		DebugGame|HTML5 = DebugGame|HTML5
		DebugGame|Win32 = DebugGame|Win32
		DebugGame|Win64 = DebugGame|Win64
		Development Editor|HTML5 = Development Editor|HTML5
		Development Editor|Win32 = Development Editor|Win32
		Development Editor|Win64 = Development Editor|Win64
		Development|HTML5 = Development|HTML5
		Development|Win32 = Development|Win32
		Development|Win64 = Development|Win64
		Shipping|HTML5 = Shipping|HTML5
		Shipping|Win32 = Shipping|Win32
		Shipping|Win64 = Shipping|Win64
	EndGlobalSection
	GlobalSection(ProjectConfigurationPlatforms) = postSolution
		{454BA894-A3A3-404D-9B2B-C71D7224AADC}.DebugGame Editor|HTML5.ActiveCfg = BuiltWithUnrealBuildTool|Win32
		{454BA894-A3A3-404D-9B2B-C71D7224AADC}.DebugGame Editor|HTML5.Build.0 = BuiltWithUnrealBuildTool|Win32
		{454BA894-A3A3-404D-9B2B-C71D7224AADC}.DebugGame Editor|Win32.ActiveCfg = BuiltWithUnrealBuildTool|Win32
		{454BA894-A3A3-404D-9B2B-C71D7224AADC}.DebugGame Editor|Win32.Build.0 = BuiltWithUnrealBuildTool|Win32
		{454BA894-A3A3-404D-9B2B-C71D7224AADC}.DebugGame Editor|Win64.ActiveCfg = BuiltWithUnrealBuildTool|Win32
		{454BA894-A3A3-404D-9B2B-C71D7224AADC}.DebugGame Editor|Win64.Build.0 = BuiltWithUnrealBuildTool|Win32
		{454BA894-A3A3-404D-9B2B-C71D7224AADC}.DebugGame|HTML5.ActiveCfg = BuiltWithUnrealBuildTool|Win32
		{454BA894-A3A3-404D-9B2B-C71D7224AADC}.DebugGame|HTML5.Build.0 = BuiltWithUnrealBuildTool|Win32
		{454BA894-A3A3-404D-9B2B-C71D7224AADC}.DebugGame|Win32.ActiveCfg = BuiltWithUnrealBuildTool|Win32
		{454BA894-A3A3-404D-9B2B-C71D7224AADC}.DebugGame|Win32.Build.0 = BuiltWithUnrealBuildTool|Win32
		{454BA894-A3A3-404D-9B2B-C71D7224AADC}.DebugGame|Win64.ActiveCfg = BuiltWithUnrealBuildTool|Win32
		{454BA894-A3A3-404D-9B2B-C71D7224AADC}.DebugGame|Win64.Build.0 = BuiltWithUnrealBuildTool|Win32
		{454BA894-A3A3-404D-9B2B-C71D7224AADC}.Development Editor|HTML5.ActiveCfg = BuiltWithUnrealBuildTool|Win32
		{454BA894-A3A3-404D-9B2B-C71D7224AADC}.Development Editor|HTML5.Build.0 = BuiltWithUnrealBuildTool|Win32
		{454BA894-A3A3-404D-9B2B-C71D7224AADC}.Development Editor|Win32.ActiveCfg = BuiltWithUnrealBuildTool|Win32
		{454BA894-A3A3-404D-9B2B-C71D7224AADC}.Development Editor|Win32.Build.0 = BuiltWithUnrealBuildTool|Win32
		{454BA894-A3A3-404D-9B2B-C71D7224AADC}.Development Editor|Win64.ActiveCfg = BuiltWithUnrealBuildTool|Win32
		{454BA894-A3A3-404D-9B2B-C71D7224AADC}.Development Editor|Win64.Build.0 = BuiltWithUnrealBuildTool|Win32
		{454BA894-A3A3-404D-9B2B-C71D7224AADC}.Development|HTML5.ActiveCfg = BuiltWithUnrealBuildTool|Win32
		{454BA894-A3A3-404D-9B2B-C71D7224AADC}.Development|HTML5.Build.0 = BuiltWithUnrealBuildTool|Win32
		{454BA894-A3A3-404D-9B2B-C71D7224AADC}.Development|Win32.ActiveCfg = BuiltWithUnrealBuildTool|Win32
		{454BA894-A3A3-404D-9B2B-C71D7224AADC}.Development|Win32.Build.0 = BuiltWithUnrealBuildTool|Win32
		{454BA894-A3A3-404D-9B2B-C71D7224AADC}.Development|Win64.ActiveCfg = BuiltWithUnrealBuildTool|Win32
		{454BA894-A3A3-404D-9B2B-C71D7224AADC}.Development|Win64.Build.0 = BuiltWithUnrealBuildTool|Win32
		{454BA894-A3A3-404D-9B2B-C71D7224AADC}.Shipping|HTML5.ActiveCfg = BuiltWithUnrealBuildTool|Win32
		{454BA894-A3A3-404D-9B2B-C71D7224AADC}.Shipping|HTML5.Build.0 = BuiltWithUnrealBuildTool|Win32
		{454BA894-A3A3-404D-9B2B-C71D7224AADC}.Shipping|Win32.ActiveCfg = BuiltWithUnrealBuildTool|Win32
		{454BA894-A3A3-404D-9B2B-C71D7224AADC}.Shipping|Win32.Build.0 = BuiltWithUnrealBuildTool|Win32
		{454BA894-A3A3-404D-9B2B-C71D7224AADC}.Shipping|Win64.ActiveCfg = BuiltWithUnrealBuildTool|Win32
		{454BA894-A3A3-404D-9B2B-C71D7224AADC}.Shipping|Win64.Build.0 = BuiltWithUnrealBuildTool|Win32
		{1A011593-0867-41B4-9C46-5A5FB6579196}.DebugGame Editor|HTML5.ActiveCfg = HTML5_DebugGame_Editor|Win32
		{1A011593-0867-41B4-9C46-5A5FB6579196}.DebugGame Editor|Win32.ActiveCfg = DebugGame_Editor|Win32
		{1A011593-0867-41B4-9C46-5A5FB6579196}.DebugGame Editor|Win64.ActiveCfg = DebugGame_Editor|x64
		{1A011593-0867-41B4-9C46-5A5FB6579196}.DebugGame Editor|Win64.Build.0 = DebugGame_Editor|x64
		{1A011593-0867-41B4-9C46-5A5FB6579196}.DebugGame|HTML5.ActiveCfg = HTML5_DebugGame_Game|Win32
		{1A011593-0867-41B4-9C46-5A5FB6579196}.DebugGame|HTML5.Build.0 = HTML5_DebugGame_Game|Win32
		{1A011593-0867-41B4-9C46-5A5FB6579196}.DebugGame|Win32.ActiveCfg = DebugGame_Game|Win32
		{1A011593-0867-41B4-9C46-5A5FB6579196}.DebugGame|Win32.Build.0 = DebugGame_Game|Win32
		{1A011593-0867-41B4-9C46-5A5FB6579196}.DebugGame|Win64.ActiveCfg = DebugGame_Game|x64
		{1A011593-0867-41B4-9C46-5A5FB6579196}.DebugGame|Win64.Build.0 = DebugGame_Game|x64
		{1A011593-0867-41B4-9C46-5A5FB6579196}.Development Editor|HTML5.ActiveCfg = HTML5_Development_Editor|Win32
		{1A011593-0867-41B4-9C46-5A5FB6579196}.Development Editor|Win32.ActiveCfg = Development_Editor|Win32
		{1A011593-0867-41B4-9C46-5A5FB6579196}.Development Editor|Win64.ActiveCfg = Development_Editor|x64
		{1A011593-0867-41B4-9C46-5A5FB6579196}.Development Editor|Win64.Build.0 = Development_Editor|x64
		{1A011593-0867-41B4-9C46-5A5FB6579196}.Development|HTML5.ActiveCfg = HTML5_Development_Game|Win32
		{1A011593-0867-41B4-9C46-5A5FB6579196}.Development|HTML5.Build.0 = HTML5_Development_Game|Win32
		{1A011593-0867-41B4-9C46-5A5FB6579196}.Development|Win32.ActiveCfg = Development_Game|Win32
		{1A011593-0867-41B4-9C46-5A5FB6579196}.Development|Win32.Build.0 = Development_Game|Win32
		{1A011593-0867-41B4-9C46-5A5FB6579196}.Development|Win64.ActiveCfg = Development_Game|x64
		{1A011593-0867-41B4-9C46-5A5FB6579196}.Development|Win64.Build.0 = Development_Game|x64
		{1A011593-0867-41B4-9C46-5A5FB6579196}.Shipping|HTML5.ActiveCfg = HTML5_Shipping_Game|Win32
		{1A011593-0867-41B4-9C46-5A5FB6579196}.Shipping|HTML5.Build.0 = HTML5_Shipping_Game|Win32
		{1A011593-0867-41B4-9C46-5A5FB6579196}.Shipping|Win32.ActiveCfg = Shipping_Game|Win32
		{1A011593-0867-41B4-9C46-5A5FB6579196}.Shipping|Win32.Build.0 = Shipping_Game|Win32
		{1A011593-0867-41B4-9C46-5A5FB6579196}.Shipping|Win64.ActiveCfg = Shipping_Game|x64
		{1A011593-0867-41B4-9C46-5A5FB6579196}.Shipping|Win64.Build.0 = Shipping_Game|x64
	EndGlobalSection
	GlobalSection(SolutionProperties) = preSolution
		HideSolutionNode = FALSE
	EndGlobalSection
	GlobalSection(NestedProjects) = preSolution
		{454BA894-A3A3-404D-9B2B-C71D7224AADC} = {F3FAC7FB-491E-42CD-BC38-DE8545ED70E2}
		{1A011593-0867-41B4-9C46-5A5FB6579196} = {86B642C4-4FAD-436D-BBFF-4BD1B5521BD8}
	EndGlobalSection
	GlobalSection(ExtensibilityGlobals) = postSolution
		SolutionGuid = {A04ED126-A65B-42B2-A494-94B328CC81D6}
	EndGlobalSection
EndGlobal
